{
  "name": "dist",
  "version": "1.0.0",
  "lockfileVersion": 1,
  "requires": true,
  "dependencies": {
    "@pixi/accessibility": {
      "version": "6.3.1",
      "resolved": "https://registry.npmjs.org/@pixi/accessibility/-/accessibility-6.3.1.tgz",
      "integrity": "sha512-6nvREaKBqkEw9KUYQ4nifglKuICWAxyUYQwvP78vbZHt8D7gUeOAz9DzlO86ZpUccoG1LDF6m8BHSdvMSZkPag=="
    },
    "@pixi/app": {
      "version": "6.3.1",
      "resolved": "https://registry.npmjs.org/@pixi/app/-/app-6.3.1.tgz",
      "integrity": "sha512-JHLlABRw3WKu2GIZKxXpNeafBuBV7rbgUp+0CAEfSB8pAMscyuE5czPfeNDpy4U4aGAwTTVt8Rpf0jXpplqAgw=="
    },
    "@pixi/compressed-textures": {
      "version": "6.3.1",
      "resolved": "https://registry.npmjs.org/@pixi/compressed-textures/-/compressed-textures-6.3.1.tgz",
      "integrity": "sha512-60GPO1s3zyCa5FXfpvCKGbB8nqBQGs+VkDfR0Y3ezfy9fkGLYaDvTO7e/CYLfUr2Htu4/m6d0v+nEzH9INLEwg=="
    },
    "@pixi/constants": {
      "version": "6.3.1",
      "resolved": "https://registry.npmjs.org/@pixi/constants/-/constants-6.3.1.tgz",
      "integrity": "sha512-g+rp40dbvLsV46v687nJzUZFf+dpufysvQnjJsKx/TMLes8SUAZV+RjrJwPrrWbQKlOpem1losxMRFihhRUzWw=="
    },
    "@pixi/core": {
      "version": "6.3.1",
      "resolved": "https://registry.npmjs.org/@pixi/core/-/core-6.3.1.tgz",
      "integrity": "sha512-9t52AwkGLshi/Mn8CFATEb6LzCbT6Y1RLEeQpP4UX4qzOu6cKtb8stRRhMp3V4lRfHp4dW6tC0ASKIMHUsqiFg==",
      "requires": {
        "@types/offscreencanvas": "^2019.6.4"
      }
    },
    "@pixi/display": {
      "version": "6.3.1",
      "resolved": "https://registry.npmjs.org/@pixi/display/-/display-6.3.1.tgz",
      "integrity": "sha512-YhEO+pX9jl18CqU/HmxFP9pSqw3oB/12n+DNPjfAO9IVZeUQL4ZqaGgkttcH+7bSYk5W7iducXdBu1Fae44RDg=="
    },
    "@pixi/extract": {
      "version": "6.3.1",
      "resolved": "https://registry.npmjs.org/@pixi/extract/-/extract-6.3.1.tgz",
      "integrity": "sha512-WGZhrz/Z8w7VNXQqsWdS+SV6PuC6h/w8Vn39i7Azl+7Nm3D9IM4Y2vskamJN7rMMtUOoRQLT96ttvmZ+4Xy5TA=="
    },
    "@pixi/filter-alpha": {
      "version": "6.3.1",
      "resolved": "https://registry.npmjs.org/@pixi/filter-alpha/-/filter-alpha-6.3.1.tgz",
      "integrity": "sha512-5jacvyVLAeuZGXaykf3Zh1b3/E7NCeTaxmwrXrZTBgyb6u+YlCxdVjHK+hvaCrdL6yJfZZ0EVDqTEQ1nazqGfg=="
    },
    "@pixi/filter-blur": {
      "version": "6.3.1",
      "resolved": "https://registry.npmjs.org/@pixi/filter-blur/-/filter-blur-6.3.1.tgz",
      "integrity": "sha512-YyRAXq5sLJ8oZ1Ln28pTZM2M/MbM/8hRPCUl2RVQhDxJGTJxv8X3Mo2F/f8gGAd6g21NbcfofJLs3Q6NErZx/A=="
    },
    "@pixi/filter-color-matrix": {
      "version": "6.3.1",
      "resolved": "https://registry.npmjs.org/@pixi/filter-color-matrix/-/filter-color-matrix-6.3.1.tgz",
      "integrity": "sha512-wcsyo/ehrQ2ZhGl1qbe+xRFepOF4p/rV2svL2l99nw9TXLyGogIPCfg5MgbOr9vryUdG3PTq95srGh0GdzTyIQ=="
    },
    "@pixi/filter-displacement": {
      "version": "6.3.1",
      "resolved": "https://registry.npmjs.org/@pixi/filter-displacement/-/filter-displacement-6.3.1.tgz",
      "integrity": "sha512-5qxehlUdH3QK2MHW1XV4aeVavMmlAFnT7ilhJjBtDctgO0vh4AcM5t2ZdO1C8ckCu2R4LQ6CX36Y3d8NKz6Wlw=="
    },
    "@pixi/filter-fxaa": {
      "version": "6.3.1",
      "resolved": "https://registry.npmjs.org/@pixi/filter-fxaa/-/filter-fxaa-6.3.1.tgz",
      "integrity": "sha512-O05eKs1j0LBogRGM+p6SSWbFlZ9n6LB4cwog5uZptnFXNxv01vrs1m2UtdPQOXcoiwx8WyLLSwEblckKBGgTsQ=="
    },
    "@pixi/filter-noise": {
      "version": "6.3.1",
      "resolved": "https://registry.npmjs.org/@pixi/filter-noise/-/filter-noise-6.3.1.tgz",
      "integrity": "sha512-S/ucAoycdNlvHc6HYfSIdsAQeUCzyA2p3Dw9gKrffMSL9s2nCI06wethUdAzq8PwSmoMlylbHSwfMoJ6xnpr2A=="
    },
    "@pixi/graphics": {
      "version": "6.3.1",
      "resolved": "https://registry.npmjs.org/@pixi/graphics/-/graphics-6.3.1.tgz",
      "integrity": "sha512-w22diBoA5LlNExBqZhRu1mkxv3p6NKQtpAALN1Y1BSvnZGsFKFMy+Mi+SrCkNgvIvzdiJoiaM6vEyrleK8EQag=="
    },
    "@pixi/interaction": {
      "version": "6.3.1",
      "resolved": "https://registry.npmjs.org/@pixi/interaction/-/interaction-6.3.1.tgz",
      "integrity": "sha512-pyM431Ge786sgG/Ejjt2S8CXwa8XitAbpDBfe5dGEKuOsLgPZacnV/j4O/NfryPczM0wYw4Aq15xDRhDp9zZ/g=="
    },
    "@pixi/loaders": {
      "version": "6.3.1",
      "resolved": "https://registry.npmjs.org/@pixi/loaders/-/loaders-6.3.1.tgz",
      "integrity": "sha512-7o9b5NQuiQR7V6WoOahZCkeqizVhBbbv0dR8jSoAjmjxgjm7/F84FIcyEaAB+k3UTcpUcNfi67r2NjUR71GXcQ=="
    },
    "@pixi/math": {
      "version": "6.3.1",
      "resolved": "https://registry.npmjs.org/@pixi/math/-/math-6.3.1.tgz",
      "integrity": "sha512-ooJm7iGy7KRwJ5C0Uyqp9jlyu0kZcljUbqb5kDziy1rnywfT5tgsMPgiZj0VIbB9wV69VFaPOwwV4rbixzOJ1g=="
    },
    "@pixi/mesh": {
      "version": "6.3.1",
      "resolved": "https://registry.npmjs.org/@pixi/mesh/-/mesh-6.3.1.tgz",
      "integrity": "sha512-EGQ4hvl6hY3ptGpcHyYKz39O1VDYahRYH9BIIwYEpcPC0P0PtZemGgL9stFui8L7leWPfVifJJguIEIadtcniA=="
    },
    "@pixi/mesh-extras": {
      "version": "6.3.1",
      "resolved": "https://registry.npmjs.org/@pixi/mesh-extras/-/mesh-extras-6.3.1.tgz",
      "integrity": "sha512-psxctFIB8rSyFPUJis40RNh5fF4b+0JNErLTOjjEOmvly6nuj+L2f7jsQVxQcp5/bb4gqmvVxl9Ob5GBsTQPtQ=="
    },
    "@pixi/mixin-cache-as-bitmap": {
      "version": "6.3.1",
      "resolved": "https://registry.npmjs.org/@pixi/mixin-cache-as-bitmap/-/mixin-cache-as-bitmap-6.3.1.tgz",
      "integrity": "sha512-dh5Qq+g+irhm13KKJ+9tPFgFfuz9KNz1v8ZSoRacXvcRhIs4AP5Wyk6tbbWD5dNPcmjfcF5SEMpKPFm/HilfwA=="
    },
    "@pixi/mixin-get-child-by-name": {
      "version": "6.3.1",
      "resolved": "https://registry.npmjs.org/@pixi/mixin-get-child-by-name/-/mixin-get-child-by-name-6.3.1.tgz",
      "integrity": "sha512-dl/9FhCaADOTNlwCNdV+D/15dYentc7S7merW6qLnO/GIwwS5eXe0AfrDpuMpjTg7JeFgNQyxQ27DKmtdSBdSQ=="
    },
    "@pixi/mixin-get-global-position": {
      "version": "6.3.1",
      "resolved": "https://registry.npmjs.org/@pixi/mixin-get-global-position/-/mixin-get-global-position-6.3.1.tgz",
      "integrity": "sha512-86qunwy3F3peH+gYFBrvyLT8VFBY88H9HcI6TenX2tX7refMfrDXpw2W4CThBR1kN55ab/28LDSgnOlcj9hFhg=="
    },
    "@pixi/particle-container": {
      "version": "6.3.1",
      "resolved": "https://registry.npmjs.org/@pixi/particle-container/-/particle-container-6.3.1.tgz",
      "integrity": "sha512-yh+03GCmvg6s0yDD0VtzuTUWotmXJcM/Lf4RGaS7RIBXpYrkTB3dYVoEsMR8D6nVNNuS61n6G9w5rWMxV+gT6w=="
    },
    "@pixi/particle-emitter": {
      "version": "5.0.5",
      "resolved": "https://registry.npmjs.org/@pixi/particle-emitter/-/particle-emitter-5.0.5.tgz",
      "integrity": "sha512-eBHkKVnYKxFgCMR9v+42RoeWOhENo8UNIV0nbakkKRI3MJCFgBO73UjmdlSd22niGrkd4bTynwJ9jOZTIjJSAQ=="
    },
    "@pixi/polyfill": {
      "version": "6.3.1",
      "resolved": "https://registry.npmjs.org/@pixi/polyfill/-/polyfill-6.3.1.tgz",
      "integrity": "sha512-jZiIFAwBgqqft8FvU2oy8bOnXaEane4EOfBxzUmbRGXG7tAfayJTMhb3+Y5JovLa+QZ30Q1u+ueS1nOYkCeMdA==",
      "requires": {
        "object-assign": "^4.1.1",
        "promise-polyfill": "^8.2.0"
      }
    },
    "@pixi/prepare": {
      "version": "6.3.1",
      "resolved": "https://registry.npmjs.org/@pixi/prepare/-/prepare-6.3.1.tgz",
      "integrity": "sha512-+KkbBdrCKZdqa+OVHor9OltDaqGGo5rRscG87pf0GJLNiylgOPUGUMWl/wGs8jDo9XztIXtLGUiwhL7w7q0T1A=="
    },
    "@pixi/runner": {
      "version": "6.3.1",
      "resolved": "https://registry.npmjs.org/@pixi/runner/-/runner-6.3.1.tgz",
      "integrity": "sha512-CHdjMUDwxYf4uBEAnbNECJ6vRWmsOc7asihG5e6MRzZ00OOrfazmQ/xoY63xA+M0fYw8OYMSs2yseH5F5ZMGTw=="
    },
    "@pixi/settings": {
      "version": "6.3.1",
      "resolved": "https://registry.npmjs.org/@pixi/settings/-/settings-6.3.1.tgz",
      "integrity": "sha512-akIdhv0/C3J1Q6WnX3pYvuRAih5a0rgboWi5SzfLcb3isNbZXYlc0pO5bB5oN/iozKMDwGwXARe8CwZdN2o4Ug==",
      "requires": {
        "ismobilejs": "^1.1.0"
      }
    },
    "@pixi/sprite": {
      "version": "6.3.1",
      "resolved": "https://registry.npmjs.org/@pixi/sprite/-/sprite-6.3.1.tgz",
      "integrity": "sha512-A1E0VuPDmDCJ/AspPsvcA59TYTxcd2tDBB1P/EW0WEhbrW16+2QvhVXbd7oBoqj9DKRuPo5qtQtl50RXj/J1PA=="
    },
    "@pixi/sprite-animated": {
      "version": "6.3.1",
      "resolved": "https://registry.npmjs.org/@pixi/sprite-animated/-/sprite-animated-6.3.1.tgz",
      "integrity": "sha512-nO8YVsgj9wGqf5LBA5xB3JJwUiihTAP0ZxktrEL/3wm6cpJTAzA7c+NCLMmjE7WWpNvsIGO5SbAP+ZPpQZxIQw=="
    },
    "@pixi/sprite-tiling": {
      "version": "6.3.1",
      "resolved": "https://registry.npmjs.org/@pixi/sprite-tiling/-/sprite-tiling-6.3.1.tgz",
      "integrity": "sha512-ex0ok+y2f32jvjIxlxsijDrE9C5w8aJeCWEeJq+ssgffKAZpoe1yLLrsY1j69aRFIYTghphfMIpC113hdCG+5w=="
    },
    "@pixi/spritesheet": {
      "version": "6.3.1",
      "resolved": "https://registry.npmjs.org/@pixi/spritesheet/-/spritesheet-6.3.1.tgz",
      "integrity": "sha512-IXwmupK3SRjYcifI4NYelJGC/fTDaVtLmkOkBp50BABwJQmxLmG3Z/ba7Gs9NlM0r24Ckrgpcu9An4hlq+bJgQ=="
    },
    "@pixi/text": {
      "version": "6.3.1",
      "resolved": "https://registry.npmjs.org/@pixi/text/-/text-6.3.1.tgz",
      "integrity": "sha512-A1ou0aBsk1CxFskxe7HZJ0ZblmCvuTpCrScL+SJUXgU5G6E/T09D5q4twHK/XY5z6/mT48TLOsxlyP5Iy7Iefw=="
    },
    "@pixi/text-bitmap": {
      "version": "6.3.1",
      "resolved": "https://registry.npmjs.org/@pixi/text-bitmap/-/text-bitmap-6.3.1.tgz",
      "integrity": "sha512-U9VG9+iyPxe5QALC8qWIWXlGuD9Qgj/yhg35XvxzTow27MyTL3c4QzaGXj0ufc6YqjTHY44RQIx9Yc/pZ2QSLw=="
    },
    "@pixi/ticker": {
      "version": "6.3.1",
      "resolved": "https://registry.npmjs.org/@pixi/ticker/-/ticker-6.3.1.tgz",
      "integrity": "sha512-tZwtRJMaWkytO+YcfX/FbS9CheCztpR8geZVr/CfMfX5t2g9MiqT4I8Cmu2AQ8ZDx5e3f8QbuNFYCbMmIVtgiw=="
    },
    "@pixi/utils": {
      "version": "6.3.1",
      "resolved": "https://registry.npmjs.org/@pixi/utils/-/utils-6.3.1.tgz",
      "integrity": "sha512-gCI6UMrN6D4Ersh0/U4Y6M+DFRvs5q4xNKHu7DSFSBR6v/X1T3NHnsYhTWCla5XqRZnad1zZCTmZ25gMJGcK4g==",
      "requires": {
        "@types/earcut": "^2.1.0",
        "earcut": "^2.2.2",
        "eventemitter3": "^3.1.0",
        "url": "^0.11.0"
      }
    },
    "@types/earcut": {
      "version": "2.1.1",
      "resolved": "https://registry.npmjs.org/@types/earcut/-/earcut-2.1.1.tgz",
      "integrity": "sha512-w8oigUCDjElRHRRrMvn/spybSMyX8MTkKA5Dv+tS1IE/TgmNZPqUYtvYBXGY8cieSE66gm+szeK+bnbxC2xHTQ=="
    },
    "@types/offscreencanvas": {
      "version": "2019.6.4",
      "resolved": "https://registry.npmjs.org/@types/offscreencanvas/-/offscreencanvas-2019.6.4.tgz",
      "integrity": "sha512-u8SAgdZ8ROtkTF+mfZGOscl0or6BSj9A4g37e6nvxDc+YB/oDut0wHkK2PBBiC2bNR8TS0CPV+1gAk4fNisr1Q=="
    },
    "array-union": {
      "version": "1.0.2",
      "resolved": "https://registry.npmjs.org/array-union/-/array-union-1.0.2.tgz",
      "integrity": "sha1-mjRBDk9OPaI96jdb5b5w8kd47Dk=",
      "dev": true,
      "requires": {
        "array-uniq": "^1.0.1"
      }
    },
    "array-uniq": {
      "version": "1.0.3",
      "resolved": "https://registry.npmjs.org/array-uniq/-/array-uniq-1.0.3.tgz",
      "integrity": "sha1-r2rId6Jcx/dOBYiUdThY39sk/bY=",
      "dev": true
    },
    "async": {
      "version": "2.6.4",
      "resolved": "https://registry.npmjs.org/async/-/async-2.6.4.tgz",
      "integrity": "sha512-mzo5dfJYwAn29PeiJ0zvwTo04zj8HDJj0Mn8TD7sno7q12prdbnasKJHhkm2c1LgrhlJ0teaea8860oxi51mGA==",
      "dev": true,
      "requires": {
        "lodash": "^4.17.14"
      }
    },
    "balanced-match": {
      "version": "1.0.2",
      "resolved": "https://registry.npmjs.org/balanced-match/-/balanced-match-1.0.2.tgz",
      "integrity": "sha512-3oSeUO0TMV67hN1AmbXsK4yaqU7tjiHlbxRDZOpH0KW9+CeX4bRAaX0Anxt0tx2MrpRpWwQaPwIlISEJhYU5Pw==",
      "dev": true
    },
    "brace-expansion": {
      "version": "1.1.11",
      "resolved": "https://registry.npmjs.org/brace-expansion/-/brace-expansion-1.1.11.tgz",
      "integrity": "sha512-iCuPHDFgrHX7H2vEI/5xpz07zSHB00TpugqhmYtVmMO6518mCuRMoOYFldEBl0g187ufozdaHgWKcYFb61qGiA==",
      "dev": true,
      "requires": {
        "balanced-match": "^1.0.0",
        "concat-map": "0.0.1"
      }
    },
    "commander": {
      "version": "2.20.3",
      "resolved": "https://registry.npmjs.org/commander/-/commander-2.20.3.tgz",
      "integrity": "sha512-GpVkmM8vF2vQUkj2LvZmD35JxeJOLCwJ9cUkugyk2nuhbv3+mJvpLYYt+0+USMxE+oj+ey/lJEnhZw75x/OMcQ==",
      "dev": true
    },
    "commondir": {
      "version": "1.0.1",
      "resolved": "https://registry.npmjs.org/commondir/-/commondir-1.0.1.tgz",
      "integrity": "sha1-3dgA2gxmEnOTzKWVDqloo6rxJTs=",
      "dev": true
    },
    "concat-map": {
      "version": "0.0.1",
      "resolved": "https://registry.npmjs.org/concat-map/-/concat-map-0.0.1.tgz",
      "integrity": "sha1-2Klr13/Wjfd5OnMDajug1UBdR3s=",
      "dev": true
    },
    "earcut": {
      "version": "2.2.3",
      "resolved": "https://registry.npmjs.org/earcut/-/earcut-2.2.3.tgz",
      "integrity": "sha512-iRDI1QeCQIhMCZk48DRDMVgQSSBDmbzzNhnxIo+pwx3swkfjMh6vh0nWLq1NdvGHLKH6wIrAM3vQWeTj6qeoug=="
    },
    "email-addresses": {
      "version": "3.1.0",
      "resolved": "https://registry.npmjs.org/email-addresses/-/email-addresses-3.1.0.tgz",
      "integrity": "sha512-k0/r7GrWVL32kZlGwfPNgB2Y/mMXVTq/decgLczm/j34whdaspNrZO8CnXPf1laaHxI6ptUlsnAxN+UAPw+fzg==",
      "dev": true
    },
    "escape-string-regexp": {
      "version": "1.0.5",
      "resolved": "https://registry.npmjs.org/escape-string-regexp/-/escape-string-regexp-1.0.5.tgz",
      "integrity": "sha1-G2HAViGQqN/2rjuyzwIAyhMLhtQ=",
      "dev": true
    },
    "eventemitter3": {
      "version": "3.1.2",
      "resolved": "https://registry.npmjs.org/eventemitter3/-/eventemitter3-3.1.2.tgz",
      "integrity": "sha512-tvtQIeLVHjDkJYnzf2dgVMxfuSGJeM/7UCG17TT4EumTfNtF+0nebF/4zWOIkCreAbtNqhGEboB6BWrwqNaw4Q=="
    },
    "filename-reserved-regex": {
      "version": "2.0.0",
      "resolved": "https://registry.npmjs.org/filename-reserved-regex/-/filename-reserved-regex-2.0.0.tgz",
      "integrity": "sha1-q/c9+rc10EVECr/qLZHzieu/oik=",
      "dev": true
    },
    "filenamify": {
      "version": "4.3.0",
      "resolved": "https://registry.npmjs.org/filenamify/-/filenamify-4.3.0.tgz",
      "integrity": "sha512-hcFKyUG57yWGAzu1CMt/dPzYZuv+jAJUT85bL8mrXvNe6hWj6yEHEc4EdcgiA6Z3oi1/9wXJdZPXF2dZNgwgOg==",
      "dev": true,
      "requires": {
        "filename-reserved-regex": "^2.0.0",
        "strip-outer": "^1.0.1",
        "trim-repeated": "^1.0.0"
      }
    },
    "find-cache-dir": {
      "version": "3.3.2",
      "resolved": "https://registry.npmjs.org/find-cache-dir/-/find-cache-dir-3.3.2.tgz",
      "integrity": "sha512-wXZV5emFEjrridIgED11OoUKLxiYjAcqot/NJdAkOhlJ+vGzwhOAfcG5OX1jP+S0PcjEn8bdMJv+g2jwQ3Onig==",
      "dev": true,
      "requires": {
        "commondir": "^1.0.1",
        "make-dir": "^3.0.2",
        "pkg-dir": "^4.1.0"
      }
    },
    "find-up": {
      "version": "4.1.0",
      "resolved": "https://registry.npmjs.org/find-up/-/find-up-4.1.0.tgz",
      "integrity": "sha512-PpOwAdQ/YlXQ2vj8a3h8IipDuYRi3wceVQQGYWxNINccq40Anw7BlsEXCMbt1Zt+OLA6Fq9suIpIWD0OsnISlw==",
      "dev": true,
      "requires": {
        "locate-path": "^5.0.0",
        "path-exists": "^4.0.0"
      }
    },
    "fs-extra": {
      "version": "8.1.0",
      "resolved": "https://registry.npmjs.org/fs-extra/-/fs-extra-8.1.0.tgz",
      "integrity": "sha512-yhlQgA6mnOJUKOsRUFsgJdQCvkKhcz8tlZG5HBQfReYZy46OwLcY+Zia0mtdHsOo9y/hP+CxMN0TU9QxoOtG4g==",
      "dev": true,
      "requires": {
        "graceful-fs": "^4.2.0",
        "jsonfile": "^4.0.0",
        "universalify": "^0.1.0"
      }
    },
    "fs.realpath": {
      "version": "1.0.0",
      "resolved": "https://registry.npmjs.org/fs.realpath/-/fs.realpath-1.0.0.tgz",
      "integrity": "sha1-FQStJSMVjKpA20onh8sBQRmU6k8=",
      "dev": true
    },
    "gh-pages": {
      "version": "3.2.3",
      "resolved": "https://registry.npmjs.org/gh-pages/-/gh-pages-3.2.3.tgz",
      "integrity": "sha512-jA1PbapQ1jqzacECfjUaO9gV8uBgU6XNMV0oXLtfCX3haGLe5Atq8BxlrADhbD6/UdG9j6tZLWAkAybndOXTJg==",
      "dev": true,
      "requires": {
        "async": "^2.6.1",
        "commander": "^2.18.0",
        "email-addresses": "^3.0.1",
        "filenamify": "^4.3.0",
        "find-cache-dir": "^3.3.1",
        "fs-extra": "^8.1.0",
        "globby": "^6.1.0"
      }
    },
    "glob": {
      "version": "7.2.0",
      "resolved": "https://registry.npmjs.org/glob/-/glob-7.2.0.tgz",
      "integrity": "sha512-lmLf6gtyrPq8tTjSmrO94wBeQbFR3HbLHbuyD69wuyQkImp2hWqMGB47OX65FBkPffO641IP9jWa1z4ivqG26Q==",
      "dev": true,
      "requires": {
        "fs.realpath": "^1.0.0",
        "inflight": "^1.0.4",
        "inherits": "2",
        "minimatch": "^3.0.4",
        "once": "^1.3.0",
        "path-is-absolute": "^1.0.0"
      }
    },
    "globby": {
      "version": "6.1.0",
      "resolved": "https://registry.npmjs.org/globby/-/globby-6.1.0.tgz",
      "integrity": "sha1-9abXDoOV4hyFj7BInWTfAkJNUGw=",
      "dev": true,
      "requires": {
        "array-union": "^1.0.1",
        "glob": "^7.0.3",
        "object-assign": "^4.0.1",
        "pify": "^2.0.0",
        "pinkie-promise": "^2.0.0"
      }
    },
    "graceful-fs": {
      "version": "4.2.10",
      "resolved": "https://registry.npmjs.org/graceful-fs/-/graceful-fs-4.2.10.tgz",
      "integrity": "sha512-9ByhssR2fPVsNZj478qUUbKfmL0+t5BDVyjShtyZZLiK7ZDAArFFfopyOTj0M05wE2tJPisA4iTnnXl2YoPvOA==",
      "dev": true
    },
    "inflight": {
      "version": "1.0.6",
      "resolved": "https://registry.npmjs.org/inflight/-/inflight-1.0.6.tgz",
      "integrity": "sha1-Sb1jMdfQLQwJvJEKEHW6gWW1bfk=",
      "dev": true,
      "requires": {
        "once": "^1.3.0",
        "wrappy": "1"
      }
    },
    "inherits": {
      "version": "2.0.4",
      "resolved": "https://registry.npmjs.org/inherits/-/inherits-2.0.4.tgz",
      "integrity": "sha512-k/vGaX4/Yla3WzyMCvTQOXYeIHvqOKtnqBduzTHpzpQZzAskKMhZ2K+EnBiSM9zGSoIFeMpXKxa4dYeZIQqewQ==",
      "dev": true
    },
    "ismobilejs": {
      "version": "1.1.1",
      "resolved": "https://registry.npmjs.org/ismobilejs/-/ismobilejs-1.1.1.tgz",
      "integrity": "sha512-VaFW53yt8QO61k2WJui0dHf4SlL8lxBofUuUmwBo0ljPk0Drz2TiuDW4jo3wDcv41qy/SxrJ+VAzJ/qYqsmzRw=="
    },
    "jsonfile": {
      "version": "4.0.0",
      "resolved": "https://registry.npmjs.org/jsonfile/-/jsonfile-4.0.0.tgz",
      "integrity": "sha1-h3Gq4HmbZAdrdmQPygWPnBDjPss=",
      "dev": true,
      "requires": {
        "graceful-fs": "^4.1.6"
      }
    },
    "locate-path": {
      "version": "5.0.0",
      "resolved": "https://registry.npmjs.org/locate-path/-/locate-path-5.0.0.tgz",
      "integrity": "sha512-t7hw9pI+WvuwNJXwk5zVHpyhIqzg2qTlklJOf0mVxGSbe3Fp2VieZcduNYjaLDoy6p9uGpQEGWG87WpMKlNq8g==",
      "dev": true,
      "requires": {
        "p-locate": "^4.1.0"
      }
    },
    "lodash": {
      "version": "4.17.21",
      "resolved": "https://registry.npmjs.org/lodash/-/lodash-4.17.21.tgz",
      "integrity": "sha512-v2kDEe57lecTulaDIuNTPy3Ry4gLGJ6Z1O3vE1krgXZNrsQ+LFTGHVxVjcXPs17LhbZVGedAJv8XZ1tvj5FvSg==",
      "dev": true
    },
    "make-dir": {
      "version": "3.1.0",
      "resolved": "https://registry.npmjs.org/make-dir/-/make-dir-3.1.0.tgz",
      "integrity": "sha512-g3FeP20LNwhALb/6Cz6Dd4F2ngze0jz7tbzrD2wAV+o9FeNHe4rL+yK2md0J/fiSf1sa1ADhXqi5+oVwOM/eGw==",
      "dev": true,
      "requires": {
        "semver": "^6.0.0"
      }
    },
    "minimatch": {
      "version": "3.1.2",
      "resolved": "https://registry.npmjs.org/minimatch/-/minimatch-3.1.2.tgz",
      "integrity": "sha512-J7p63hRiAjw1NDEww1W7i37+ByIrOWO5XQQAzZ3VOcL0PNybwpfmV/N05zFAzwQ9USyEcX6t3UO+K5aqBQOIHw==",
      "dev": true,
      "requires": {
        "brace-expansion": "^1.1.7"
      }
    },
    "object-assign": {
      "version": "4.1.1",
      "resolved": "https://registry.npmjs.org/object-assign/-/object-assign-4.1.1.tgz",
      "integrity": "sha1-IQmtx5ZYh8/AXLvUQsrIv7s2CGM="
    },
    "once": {
      "version": "1.4.0",
      "resolved": "https://registry.npmjs.org/once/-/once-1.4.0.tgz",
      "integrity": "sha1-WDsap3WWHUsROsF9nFC6753Xa9E=",
      "dev": true,
      "requires": {
        "wrappy": "1"
      }
    },
    "p-limit": {
      "version": "2.3.0",
      "resolved": "https://registry.npmjs.org/p-limit/-/p-limit-2.3.0.tgz",
      "integrity": "sha512-//88mFWSJx8lxCzwdAABTJL2MyWB12+eIY7MDL2SqLmAkeKU9qxRvWuSyTjm3FUmpBEMuFfckAIqEaVGUDxb6w==",
      "dev": true,
      "requires": {
        "p-try": "^2.0.0"
      }
    },
    "p-locate": {
      "version": "4.1.0",
      "resolved": "https://registry.npmjs.org/p-locate/-/p-locate-4.1.0.tgz",
      "integrity": "sha512-R79ZZ/0wAxKGu3oYMlz8jy/kbhsNrS7SKZ7PxEHBgJ5+F2mtFW2fK2cOtBh1cHYkQsbzFV7I+EoRKe6Yt0oK7A==",
      "dev": true,
      "requires": {
        "p-limit": "^2.2.0"
      }
    },
    "p-try": {
      "version": "2.2.0",
      "resolved": "https://registry.npmjs.org/p-try/-/p-try-2.2.0.tgz",
      "integrity": "sha512-R4nPAVTAU0B9D35/Gk3uJf/7XYbQcyohSKdvAxIRSNghFl4e71hVoGnBNQz9cWaXxO2I10KTC+3jMdvvoKw6dQ==",
      "dev": true
    },
    "path-exists": {
      "version": "4.0.0",
      "resolved": "https://registry.npmjs.org/path-exists/-/path-exists-4.0.0.tgz",
      "integrity": "sha512-ak9Qy5Q7jYb2Wwcey5Fpvg2KoAc/ZIhLSLOSBmRmygPsGwkVVt0fZa0qrtMz+m6tJTAHfZQ8FnmB4MG4LWy7/w==",
      "dev": true
    },
    "path-is-absolute": {
      "version": "1.0.1",
      "resolved": "https://registry.npmjs.org/path-is-absolute/-/path-is-absolute-1.0.1.tgz",
      "integrity": "sha1-F0uSaHNVNP+8es5r9TpanhtcX18=",
      "dev": true
    },
    "pify": {
      "version": "2.3.0",
      "resolved": "https://registry.npmjs.org/pify/-/pify-2.3.0.tgz",
      "integrity": "sha1-7RQaasBDqEnqWISY59yosVMw6Qw=",
      "dev": true
    },
    "pinkie": {
      "version": "2.0.4",
      "resolved": "https://registry.npmjs.org/pinkie/-/pinkie-2.0.4.tgz",
      "integrity": "sha1-clVrgM+g1IqXToDnckjoDtT3+HA=",
      "dev": true
    },
    "pinkie-promise": {
      "version": "2.0.1",
      "resolved": "https://registry.npmjs.org/pinkie-promise/-/pinkie-promise-2.0.1.tgz",
      "integrity": "sha1-ITXW36ejWMBprJsXh3YogihFD/o=",
      "dev": true,
      "requires": {
        "pinkie": "^2.0.0"
      }
    },
    "pixi-sound": {
      "version": "3.0.5",
      "resolved": "https://registry.npmjs.org/pixi-sound/-/pixi-sound-3.0.5.tgz",
      "integrity": "sha512-I3qDfaDI3xSwMuH8ZbhIyoZiRv0jEDxR60D2rBZTTvlK5owxo5Sx4vDaQlrIyETilTU0xvBtiwh7fPGKBOsCTw=="
    },
    "pixi.js": {
      "version": "6.3.1",
      "resolved": "https://registry.npmjs.org/pixi.js/-/pixi.js-6.3.1.tgz",
      "integrity": "sha512-FnAJsgkzzJM//GNfBPsuBduY2huKeNEZg8VK3kOyX54fgO1vqlXqJGkzBY1GgR+OmNvU95xWWuNf297VnCS31A==",
      "requires": {
        "@pixi/accessibility": "6.3.1",
        "@pixi/app": "6.3.1",
        "@pixi/compressed-textures": "6.3.1",
        "@pixi/constants": "6.3.1",
        "@pixi/core": "6.3.1",
        "@pixi/display": "6.3.1",
        "@pixi/extract": "6.3.1",
        "@pixi/filter-alpha": "6.3.1",
        "@pixi/filter-blur": "6.3.1",
        "@pixi/filter-color-matrix": "6.3.1",
        "@pixi/filter-displacement": "6.3.1",
        "@pixi/filter-fxaa": "6.3.1",
        "@pixi/filter-noise": "6.3.1",
        "@pixi/graphics": "6.3.1",
        "@pixi/interaction": "6.3.1",
        "@pixi/loaders": "6.3.1",
        "@pixi/math": "6.3.1",
        "@pixi/mesh": "6.3.1",
        "@pixi/mesh-extras": "6.3.1",
        "@pixi/mixin-cache-as-bitmap": "6.3.1",
        "@pixi/mixin-get-child-by-name": "6.3.1",
        "@pixi/mixin-get-global-position": "6.3.1",
        "@pixi/particle-container": "6.3.1",
        "@pixi/polyfill": "6.3.1",
        "@pixi/prepare": "6.3.1",
        "@pixi/runner": "6.3.1",
        "@pixi/settings": "6.3.1",
        "@pixi/sprite": "6.3.1",
        "@pixi/sprite-animated": "6.3.1",
        "@pixi/sprite-tiling": "6.3.1",
        "@pixi/spritesheet": "6.3.1",
        "@pixi/text": "6.3.1",
        "@pixi/text-bitmap": "6.3.1",
        "@pixi/ticker": "6.3.1",
        "@pixi/utils": "6.3.1"
      }
    },
    "pkg-dir": {
      "version": "4.2.0",
      "resolved": "https://registry.npmjs.org/pkg-dir/-/pkg-dir-4.2.0.tgz",
      "integrity": "sha512-HRDzbaKjC+AOWVXxAU/x54COGeIv9eb+6CkDSQoNTt4XyWoIJvuPsXizxu/Fr23EiekbtZwmh1IcIG/l/a10GQ==",
      "dev": true,
      "requires": {
        "find-up": "^4.0.0"
      }
    },
    "promise-polyfill": {
      "version": "8.2.3",
      "resolved": "https://registry.npmjs.org/promise-polyfill/-/promise-polyfill-8.2.3.tgz",
      "integrity": "sha512-Og0+jCRQetV84U8wVjMNccfGCnMQ9mGs9Hv78QFe+pSDD3gWTpz0y+1QCuxy5d/vBFuZ3iwP2eycAkvqIMPmWg=="
    },
    "punycode": {
      "version": "1.3.2",
      "resolved": "https://registry.npmjs.org/punycode/-/punycode-1.3.2.tgz",
      "integrity": "sha1-llOgNvt8HuQjQvIyXM7v6jkmxI0="
    },
    "querystring": {
      "version": "0.2.0",
      "resolved": "https://registry.npmjs.org/querystring/-/querystring-0.2.0.tgz",
      "integrity": "sha1-sgmEkgO7Jd+CDadW50cAWHhSFiA="
    },
    "semver": {
      "version": "6.3.0",
      "resolved": "https://registry.npmjs.org/semver/-/semver-6.3.0.tgz",
      "integrity": "sha512-b39TBaTSfV6yBrapU89p5fKekE2m/NwnDocOVruQFS1/veMgdzuPcnOM34M6CwxW8jH/lxEa5rBoDeUwu5HHTw==",
      "dev": true
    },
    "strip-outer": {
      "version": "1.0.1",
      "resolved": "https://registry.npmjs.org/strip-outer/-/strip-outer-1.0.1.tgz",
      "integrity": "sha512-k55yxKHwaXnpYGsOzg4Vl8+tDrWylxDEpknGjhTiZB8dFRU5rTo9CAzeycivxV3s+zlTKwrs6WxMxR95n26kwg==",
      "dev": true,
      "requires": {
        "escape-string-regexp": "^1.0.2"
      }
    },
    "trim-repeated": {
      "version": "1.0.0",
      "resolved": "https://registry.npmjs.org/trim-repeated/-/trim-repeated-1.0.0.tgz",
      "integrity": "sha1-42RqLqTokTEr9+rObPsFOAvAHCE=",
      "dev": true,
      "requires": {
        "escape-string-regexp": "^1.0.2"
      }
    },
    "universalify": {
      "version": "0.1.2",
      "resolved": "https://registry.npmjs.org/universalify/-/universalify-0.1.2.tgz",
      "integrity": "sha512-rBJeI5CXAlmy1pV+617WB9J63U6XcazHHF2f2dbJix4XzpUF0RS3Zbj0FGIOCAva5P/d/GBOYaACQ1w+0azUkg==",
      "dev": true
    },
    "url": {
      "version": "0.11.0",
      "resolved": "https://registry.npmjs.org/url/-/url-0.11.0.tgz",
      "integrity": "sha1-ODjpfPxgUh63PFJajlW/3Z4uKPE=",
      "requires": {
        "punycode": "1.3.2",
        "querystring": "0.2.0"
      }
    },
    "wrappy": {
      "version": "1.0.2",
      "resolved": "https://registry.npmjs.org/wrappy/-/wrappy-1.0.2.tgz",
      "integrity": "sha1-tSQ9jz7BqjXxNkYFvA0QNuMKtp8=",
      "dev": true
    }
  }
}
